
Microsoft Visual Studio Solution File, Format Version 11.00
# Visual Studio 2010
Project("{FAE04EC0-301F-11D3-BF4B-00C04F79EFBC}") = "HackOthon", "Assembly-CSharp.csproj", "{874ABD85-B174-92D7-644A-AA3A34109DE3}"
EndProject
Project("{FAE04EC0-301F-11D3-BF4B-00C04F79EFBC}") = "HackOthon", "Assembly-CSharp-firstpass.csproj", "{6CB16466-A718-A0E3-8E9E-71FE25AA81C1}"
EndProject
Project("{FAE04EC0-301F-11D3-BF4B-00C04F79EFBC}") = "HackOthon", "Assembly-CSharp-Editor-firstpass.csproj", "{2AFCDCA6-FC1E-4A8C-30AC-FF4670FDCC72}"
EndProject
Project("{FAE04EC0-301F-11D3-BF4B-00C04F79EFBC}") = "HackOthon", "Assembly-CSharp-Editor.csproj", "{958688CE-6544-CB3A-56D8-B2A00BCFED86}"
EndProject
Global
	GlobalSection(SolutionConfigurationPlatforms) = preSolution
		Debug|Any CPU = Debug|Any CPU
		Release|Any CPU = Release|Any CPU
	EndGlobalSection
	GlobalSection(ProjectConfigurationPlatforms) = postSolution
		{874ABD85-B174-92D7-644A-AA3A34109DE3}.Debug|Any CPU.ActiveCfg = Debug|Any CPU
		{874ABD85-B174-92D7-644A-AA3A34109DE3}.Debug|Any CPU.Build.0 = Debug|Any CPU
		{874ABD85-B174-92D7-644A-AA3A34109DE3}.Release|Any CPU.ActiveCfg = Release|Any CPU
		{874ABD85-B174-92D7-644A-AA3A34109DE3}.Release|Any CPU.Build.0 = Release|Any CPU
		{6CB16466-A718-A0E3-8E9E-71FE25AA81C1}.Debug|Any CPU.ActiveCfg = Debug|Any CPU
		{6CB16466-A718-A0E3-8E9E-71FE25AA81C1}.Debug|Any CPU.Build.0 = Debug|Any CPU
		{6CB16466-A718-A0E3-8E9E-71FE25AA81C1}.Release|Any CPU.ActiveCfg = Release|Any CPU
		{6CB16466-A718-A0E3-8E9E-71FE25AA81C1}.Release|Any CPU.Build.0 = Release|Any CPU
		{2AFCDCA6-FC1E-4A8C-30AC-FF4670FDCC72}.Debug|Any CPU.ActiveCfg = Debug|Any CPU
		{2AFCDCA6-FC1E-4A8C-30AC-FF4670FDCC72}.Debug|Any CPU.Build.0 = Debug|Any CPU
		{2AFCDCA6-FC1E-4A8C-30AC-FF4670FDCC72}.Release|Any CPU.ActiveCfg = Release|Any CPU
		{2AFCDCA6-FC1E-4A8C-30AC-FF4670FDCC72}.Release|Any CPU.Build.0 = Release|Any CPU
		{958688CE-6544-CB3A-56D8-B2A00BCFED86}.Debug|Any CPU.ActiveCfg = Debug|Any CPU
		{958688CE-6544-CB3A-56D8-B2A00BCFED86}.Debug|Any CPU.Build.0 = Debug|Any CPU
		{958688CE-6544-CB3A-56D8-B2A00BCFED86}.Release|Any CPU.ActiveCfg = Release|Any CPU
		{958688CE-6544-CB3A-56D8-B2A00BCFED86}.Release|Any CPU.Build.0 = Release|Any CPU
	EndGlobalSection
	GlobalSection(SolutionProperties) = preSolution
		HideSolutionNode = FALSE
	EndGlobalSection
	GlobalSection(MonoDevelopProperties) = preSolution
		StartupItem = Assembly-CSharp.csproj
	EndGlobalSection
EndGlobal
